Microsoft Visual Studio Solution File, Format Version 12.00
# Visual Studio Version 17
VisualStudioVersion = 17.5.2.0
MinimumVisualStudioVersion = 10.0.40219.1
Project("{FAE04EC0-301F-11D3-BF4B-00C04F79EFBC}") = "palindrome_checker", "palindrome_checker.csproj", "{03704B40-7C86-DBF9-5441-A2BCBA31268D}"
EndProject
Project("{FAE04EC0-301F-11D3-BF4B-00C04F79EFBC}") = "{{NAMESPACE}}", "{{NAMESPACE}}\{{NAMESPACE}}.csproj", "{6D19094C-8184-34C2-6B4E-6420C0C5F6F8}"
EndProject
Project("{FAE04EC0-301F-11D3-BF4B-00C04F79EFBC}") = "{{NAMESPACE}}.Tests", "{{NAMESPACE}}.Tests\{{NAMESPACE}}.Tests.csproj", "{25700306-CE2E-9530-877F-9D385B786BC7}"
EndProject
Global
	GlobalSection(SolutionConfigurationPlatforms) = preSolution
		Debug|Any CPU = Debug|Any CPU
		Release|Any CPU = Release|Any CPU
	EndGlobalSection
	GlobalSection(ProjectConfigurationPlatforms) = postSolution
		{03704B40-7C86-DBF9-5441-A2BCBA31268D}.Debug|Any CPU.ActiveCfg = Debug|Any CPU
		{03704B40-7C86-DBF9-5441-A2BCBA31268D}.Debug|Any CPU.Build.0 = Debug|Any CPU
		{03704B40-7C86-DBF9-5441-A2BCBA31268D}.Release|Any CPU.ActiveCfg = Release|Any CPU
		{03704B40-7C86-DBF9-5441-A2BCBA31268D}.Release|Any CPU.Build.0 = Release|Any CPU
		{6D19094C-8184-34C2-6B4E-6420C0C5F6F8}.Debug|Any CPU.ActiveCfg = Debug|Any CPU
		{6D19094C-8184-34C2-6B4E-6420C0C5F6F8}.Debug|Any CPU.Build.0 = Debug|Any CPU
		{6D19094C-8184-34C2-6B4E-6420C0C5F6F8}.Release|Any CPU.ActiveCfg = Release|Any CPU
		{6D19094C-8184-34C2-6B4E-6420C0C5F6F8}.Release|Any CPU.Build.0 = Release|Any CPU
		{25700306-CE2E-9530-877F-9D385B786BC7}.Debug|Any CPU.ActiveCfg = Debug|Any CPU
		{25700306-CE2E-9530-877F-9D385B786BC7}.Debug|Any CPU.Build.0 = Debug|Any CPU
		{25700306-CE2E-9530-877F-9D385B786BC7}.Release|Any CPU.ActiveCfg = Release|Any CPU
		{25700306-CE2E-9530-877F-9D385B786BC7}.Release|Any CPU.Build.0 = Release|Any CPU
	EndGlobalSection
	GlobalSection(SolutionProperties) = preSolution
		HideSolutionNode = FALSE
	EndGlobalSection
	GlobalSection(ExtensibilityGlobals) = postSolution
		SolutionGuid = {C93EF669-98AD-4166-82C9-1F5AC5A111E1}
	EndGlobalSection
EndGlobal
